
Microsoft Visual Studio Solution File, Format Version 12.00
# Visual Studio 15
Project("{FAE04EC0-301F-11D3-BF4B-00C04F79EFBC}") = "Assembly-CSharp", "Assembly-CSharp.csproj", "{40C69F85-821C-1D07-AD71-69AB263518D0}"
EndProject
Project("{FAE04EC0-301F-11D3-BF4B-00C04F79EFBC}") = "Assembly-CSharp-Editor", "Assembly-CSharp-Editor.csproj", "{B17BFFD9-8773-063E-A9B4-1114FDA89162}"
EndProject
Global
	GlobalSection(SolutionConfigurationPlatforms) = preSolution
		Debug|Any CPU = Debug|Any CPU
		Release|Any CPU = Release|Any CPU
	EndGlobalSection
	GlobalSection(ProjectConfigurationPlatforms) = postSolution
		{40C69F85-821C-1D07-AD71-69AB263518D0}.Debug|Any CPU.ActiveCfg = Debug|Any CPU
		{40C69F85-821C-1D07-AD71-69AB263518D0}.Debug|Any CPU.Build.0 = Debug|Any CPU
		{40C69F85-821C-1D07-AD71-69AB263518D0}.Release|Any CPU.ActiveCfg = Release|Any CPU
		{40C69F85-821C-1D07-AD71-69AB263518D0}.Release|Any CPU.Build.0 = Release|Any CPU
		{B17BFFD9-8773-063E-A9B4-1114FDA89162}.Debug|Any CPU.ActiveCfg = Debug|Any CPU
		{B17BFFD9-8773-063E-A9B4-1114FDA89162}.Debug|Any CPU.Build.0 = Debug|Any CPU
		{B17BFFD9-8773-063E-A9B4-1114FDA89162}.Release|Any CPU.ActiveCfg = Release|Any CPU
		{B17BFFD9-8773-063E-A9B4-1114FDA89162}.Release|Any CPU.Build.0 = Release|Any CPU
	EndGlobalSection
	GlobalSection(SolutionProperties) = preSolution
		HideSolutionNode = FALSE
	EndGlobalSection
EndGlobal
